
Microsoft Visual Studio Solution File, Format Version 12.00
# Visual Studio 15
VisualStudioVersion = 15.0.28307.539
MinimumVisualStudioVersion = 10.0.40219.1
Project("{8BC9CEB8-8B4A-11D0-8D11-00A0C91BC942}") = "anno_langunlock", "anno_langunlock.vcxproj", "{C4FCB859-5A8E-4FE0-B164-C2D1C19EAC7E}"
EndProject
Global
	GlobalSection(SolutionConfigurationPlatforms) = preSolution
		Debug|x64 = Debug|x64
		Debug|x86 = Debug|x86
		Release|x64 = Release|x64
		Release|x86 = Release|x86
	EndGlobalSection
	GlobalSection(ProjectConfigurationPlatforms) = postSolution
		{C4FCB859-5A8E-4FE0-B164-C2D1C19EAC7E}.Debug|x64.ActiveCfg = Debug|x64
		{C4FCB859-5A8E-4FE0-B164-C2D1C19EAC7E}.Debug|x64.Build.0 = Debug|x64
		{C4FCB859-5A8E-4FE0-B164-C2D1C19EAC7E}.Debug|x86.ActiveCfg = Debug|Win32
		{C4FCB859-5A8E-4FE0-B164-C2D1C19EAC7E}.Debug|x86.Build.0 = Debug|Win32
		{C4FCB859-5A8E-4FE0-B164-C2D1C19EAC7E}.Release|x64.ActiveCfg = Release|x64
		{C4FCB859-5A8E-4FE0-B164-C2D1C19EAC7E}.Release|x64.Build.0 = Release|x64
		{C4FCB859-5A8E-4FE0-B164-C2D1C19EAC7E}.Release|x86.ActiveCfg = Release|Win32
		{C4FCB859-5A8E-4FE0-B164-C2D1C19EAC7E}.Release|x86.Build.0 = Release|Win32
	EndGlobalSection
	GlobalSection(SolutionProperties) = preSolution
		HideSolutionNode = FALSE
	EndGlobalSection
	GlobalSection(ExtensibilityGlobals) = postSolution
		SolutionGuid = {EF551420-C859-47E5-9E70-212CB99493A8}
	EndGlobalSection
EndGlobal
